
Microsoft Visual Studio Solution File, Format Version 12.00
# Visual Studio Version 17
VisualStudioVersion = 17.2.32616.157
MinimumVisualStudioVersion = 10.0.40219.1
Project("{FAE04EC0-301F-11D3-BF4B-00C04F79EFBC}") = "WebApplication1", "WebApplication1.csproj", "{DF562A4E-21B6-480C-A95D-5BA73C8E0C1A}"
EndProject
Global
	GlobalSection(SolutionConfigurationPlatforms) = preSolution
		Debug|Any CPU = Debug|Any CPU
		Release|Any CPU = Release|Any CPU
	EndGlobalSection
	GlobalSection(ProjectConfigurationPlatforms) = postSolution
		{DF562A4E-21B6-480C-A95D-5BA73C8E0C1A}.Debug|Any CPU.ActiveCfg = Debug|Any CPU
		{DF562A4E-21B6-480C-A95D-5BA73C8E0C1A}.Debug|Any CPU.Build.0 = Debug|Any CPU
		{DF562A4E-21B6-480C-A95D-5BA73C8E0C1A}.Release|Any CPU.ActiveCfg = Release|Any CPU
		{DF562A4E-21B6-480C-A95D-5BA73C8E0C1A}.Release|Any CPU.Build.0 = Release|Any CPU
	EndGlobalSection
	GlobalSection(SolutionProperties) = preSolution
		HideSolutionNode = FALSE
	EndGlobalSection
	GlobalSection(ExtensibilityGlobals) = postSolution
		SolutionGuid = {0A083830-0850-439E-AC4A-BEA4AC41D9C2}
	EndGlobalSection
EndGlobal
